
Microsoft Visual Studio Solution File, Format Version 12.00
# Visual Studio Version 17
VisualStudioVersion = 17.0.31903.59
MinimumVisualStudioVersion = 10.0.40219.1
Project("{FAE04EC0-301F-11D3-BF4B-00C04F79EFBC}") = "ChartForgeX", "ChartForgeX\ChartForgeX.csproj", "{A59D53FA-1F7B-4B30-A5A3-78B8723E3E41}"
EndProject
Project("{FAE04EC0-301F-11D3-BF4B-00C04F79EFBC}") = "ChartForgeX.Examples", "ChartForgeX.Examples\ChartForgeX.Examples.csproj", "{52B7C43E-25BF-4C8D-8FBB-D3D98B48A44A}"
EndProject
Project("{FAE04EC0-301F-11D3-BF4B-00C04F79EFBC}") = "ChartForgeX.Tests", "ChartForgeX.Tests\ChartForgeX.Tests.csproj", "{D2FDF752-67BC-42F7-86BA-63E842014381}"
EndProject
Project("{FAE04EC0-301F-11D3-BF4B-00C04F79EFBC}") = "ChartForgeX.Interactivity", "ChartForgeX.Interactivity\ChartForgeX.Interactivity.csproj", "{C1768939-79CF-41EF-A471-B7A753A954DF}"
EndProject
Project("{FAE04EC0-301F-11D3-BF4B-00C04F79EFBC}") = "ChartForgeX.Interactivity.Html", "ChartForgeX.Interactivity.Html\ChartForgeX.Interactivity.Html.csproj", "{2E6CD0A8-A623-4CB6-B4AD-3F25C65DE3BF}"
EndProject
Project("{FAE04EC0-301F-11D3-BF4B-00C04F79EFBC}") = "ChartForgeX.Benchmarks", "ChartForgeX.Benchmarks\ChartForgeX.Benchmarks.csproj", "{E40E0799-A270-4FC2-B2A4-53FBD1C4761B}"
EndProject
Global
	GlobalSection(SolutionConfigurationPlatforms) = preSolution
		Debug|Any CPU = Debug|Any CPU
		Debug|x64 = Debug|x64
		Debug|x86 = Debug|x86
		Release|Any CPU = Release|Any CPU
		Release|x64 = Release|x64
		Release|x86 = Release|x86
	EndGlobalSection
	GlobalSection(ProjectConfigurationPlatforms) = postSolution
		{A59D53FA-1F7B-4B30-A5A3-78B8723E3E41}.Debug|Any CPU.ActiveCfg = Debug|Any CPU
		{A59D53FA-1F7B-4B30-A5A3-78B8723E3E41}.Debug|Any CPU.Build.0 = Debug|Any CPU
		{A59D53FA-1F7B-4B30-A5A3-78B8723E3E41}.Debug|x64.ActiveCfg = Debug|Any CPU
		{A59D53FA-1F7B-4B30-A5A3-78B8723E3E41}.Debug|x64.Build.0 = Debug|Any CPU
		{A59D53FA-1F7B-4B30-A5A3-78B8723E3E41}.Debug|x86.ActiveCfg = Debug|Any CPU
		{A59D53FA-1F7B-4B30-A5A3-78B8723E3E41}.Debug|x86.Build.0 = Debug|Any CPU
		{A59D53FA-1F7B-4B30-A5A3-78B8723E3E41}.Release|Any CPU.ActiveCfg = Release|Any CPU
		{A59D53FA-1F7B-4B30-A5A3-78B8723E3E41}.Release|Any CPU.Build.0 = Release|Any CPU
		{A59D53FA-1F7B-4B30-A5A3-78B8723E3E41}.Release|x64.ActiveCfg = Release|Any CPU
		{A59D53FA-1F7B-4B30-A5A3-78B8723E3E41}.Release|x64.Build.0 = Release|Any CPU
		{A59D53FA-1F7B-4B30-A5A3-78B8723E3E41}.Release|x86.ActiveCfg = Release|Any CPU
		{A59D53FA-1F7B-4B30-A5A3-78B8723E3E41}.Release|x86.Build.0 = Release|Any CPU
		{52B7C43E-25BF-4C8D-8FBB-D3D98B48A44A}.Debug|Any CPU.ActiveCfg = Debug|Any CPU
		{52B7C43E-25BF-4C8D-8FBB-D3D98B48A44A}.Debug|Any CPU.Build.0 = Debug|Any CPU
		{52B7C43E-25BF-4C8D-8FBB-D3D98B48A44A}.Debug|x64.ActiveCfg = Debug|Any CPU
		{52B7C43E-25BF-4C8D-8FBB-D3D98B48A44A}.Debug|x64.Build.0 = Debug|Any CPU
		{52B7C43E-25BF-4C8D-8FBB-D3D98B48A44A}.Debug|x86.ActiveCfg = Debug|Any CPU
		{52B7C43E-25BF-4C8D-8FBB-D3D98B48A44A}.Debug|x86.Build.0 = Debug|Any CPU
		{52B7C43E-25BF-4C8D-8FBB-D3D98B48A44A}.Release|Any CPU.ActiveCfg = Release|Any CPU
		{52B7C43E-25BF-4C8D-8FBB-D3D98B48A44A}.Release|Any CPU.Build.0 = Release|Any CPU
		{52B7C43E-25BF-4C8D-8FBB-D3D98B48A44A}.Release|x64.ActiveCfg = Release|Any CPU
		{52B7C43E-25BF-4C8D-8FBB-D3D98B48A44A}.Release|x64.Build.0 = Release|Any CPU
		{52B7C43E-25BF-4C8D-8FBB-D3D98B48A44A}.Release|x86.ActiveCfg = Release|Any CPU
		{52B7C43E-25BF-4C8D-8FBB-D3D98B48A44A}.Release|x86.Build.0 = Release|Any CPU
		{D2FDF752-67BC-42F7-86BA-63E842014381}.Debug|Any CPU.ActiveCfg = Debug|Any CPU
		{D2FDF752-67BC-42F7-86BA-63E842014381}.Debug|Any CPU.Build.0 = Debug|Any CPU
		{D2FDF752-67BC-42F7-86BA-63E842014381}.Debug|x64.ActiveCfg = Debug|Any CPU
		{D2FDF752-67BC-42F7-86BA-63E842014381}.Debug|x64.Build.0 = Debug|Any CPU
		{D2FDF752-67BC-42F7-86BA-63E842014381}.Debug|x86.ActiveCfg = Debug|Any CPU
		{D2FDF752-67BC-42F7-86BA-63E842014381}.Debug|x86.Build.0 = Debug|Any CPU
		{D2FDF752-67BC-42F7-86BA-63E842014381}.Release|Any CPU.ActiveCfg = Release|Any CPU
		{D2FDF752-67BC-42F7-86BA-63E842014381}.Release|Any CPU.Build.0 = Release|Any CPU
		{D2FDF752-67BC-42F7-86BA-63E842014381}.Release|x64.ActiveCfg = Release|Any CPU
		{D2FDF752-67BC-42F7-86BA-63E842014381}.Release|x64.Build.0 = Release|Any CPU
		{D2FDF752-67BC-42F7-86BA-63E842014381}.Release|x86.ActiveCfg = Release|Any CPU
		{D2FDF752-67BC-42F7-86BA-63E842014381}.Release|x86.Build.0 = Release|Any CPU
		{C1768939-79CF-41EF-A471-B7A753A954DF}.Debug|Any CPU.ActiveCfg = Debug|Any CPU
		{C1768939-79CF-41EF-A471-B7A753A954DF}.Debug|Any CPU.Build.0 = Debug|Any CPU
		{C1768939-79CF-41EF-A471-B7A753A954DF}.Debug|x64.ActiveCfg = Debug|Any CPU
		{C1768939-79CF-41EF-A471-B7A753A954DF}.Debug|x64.Build.0 = Debug|Any CPU
		{C1768939-79CF-41EF-A471-B7A753A954DF}.Debug|x86.ActiveCfg = Debug|Any CPU
		{C1768939-79CF-41EF-A471-B7A753A954DF}.Debug|x86.Build.0 = Debug|Any CPU
		{C1768939-79CF-41EF-A471-B7A753A954DF}.Release|Any CPU.ActiveCfg = Release|Any CPU
		{C1768939-79CF-41EF-A471-B7A753A954DF}.Release|Any CPU.Build.0 = Release|Any CPU
		{C1768939-79CF-41EF-A471-B7A753A954DF}.Release|x64.ActiveCfg = Release|Any CPU
		{C1768939-79CF-41EF-A471-B7A753A954DF}.Release|x64.Build.0 = Release|Any CPU
		{C1768939-79CF-41EF-A471-B7A753A954DF}.Release|x86.ActiveCfg = Release|Any CPU
		{C1768939-79CF-41EF-A471-B7A753A954DF}.Release|x86.Build.0 = Release|Any CPU
		{2E6CD0A8-A623-4CB6-B4AD-3F25C65DE3BF}.Debug|Any CPU.ActiveCfg = Debug|Any CPU
		{2E6CD0A8-A623-4CB6-B4AD-3F25C65DE3BF}.Debug|Any CPU.Build.0 = Debug|Any CPU
		{2E6CD0A8-A623-4CB6-B4AD-3F25C65DE3BF}.Debug|x64.ActiveCfg = Debug|Any CPU
		{2E6CD0A8-A623-4CB6-B4AD-3F25C65DE3BF}.Debug|x64.Build.0 = Debug|Any CPU
		{2E6CD0A8-A623-4CB6-B4AD-3F25C65DE3BF}.Debug|x86.ActiveCfg = Debug|Any CPU
		{2E6CD0A8-A623-4CB6-B4AD-3F25C65DE3BF}.Debug|x86.Build.0 = Debug|Any CPU
		{2E6CD0A8-A623-4CB6-B4AD-3F25C65DE3BF}.Release|Any CPU.ActiveCfg = Release|Any CPU
		{2E6CD0A8-A623-4CB6-B4AD-3F25C65DE3BF}.Release|Any CPU.Build.0 = Release|Any CPU
		{2E6CD0A8-A623-4CB6-B4AD-3F25C65DE3BF}.Release|x64.ActiveCfg = Release|Any CPU
		{2E6CD0A8-A623-4CB6-B4AD-3F25C65DE3BF}.Release|x64.Build.0 = Release|Any CPU
		{2E6CD0A8-A623-4CB6-B4AD-3F25C65DE3BF}.Release|x86.ActiveCfg = Release|Any CPU
		{2E6CD0A8-A623-4CB6-B4AD-3F25C65DE3BF}.Release|x86.Build.0 = Release|Any CPU
		{E40E0799-A270-4FC2-B2A4-53FBD1C4761B}.Debug|Any CPU.ActiveCfg = Debug|Any CPU
		{E40E0799-A270-4FC2-B2A4-53FBD1C4761B}.Debug|Any CPU.Build.0 = Debug|Any CPU
		{E40E0799-A270-4FC2-B2A4-53FBD1C4761B}.Debug|x64.ActiveCfg = Debug|Any CPU
		{E40E0799-A270-4FC2-B2A4-53FBD1C4761B}.Debug|x64.Build.0 = Debug|Any CPU
		{E40E0799-A270-4FC2-B2A4-53FBD1C4761B}.Debug|x86.ActiveCfg = Debug|Any CPU
		{E40E0799-A270-4FC2-B2A4-53FBD1C4761B}.Debug|x86.Build.0 = Debug|Any CPU
		{E40E0799-A270-4FC2-B2A4-53FBD1C4761B}.Release|Any CPU.ActiveCfg = Release|Any CPU
		{E40E0799-A270-4FC2-B2A4-53FBD1C4761B}.Release|Any CPU.Build.0 = Release|Any CPU
		{E40E0799-A270-4FC2-B2A4-53FBD1C4761B}.Release|x64.ActiveCfg = Release|Any CPU
		{E40E0799-A270-4FC2-B2A4-53FBD1C4761B}.Release|x64.Build.0 = Release|Any CPU
		{E40E0799-A270-4FC2-B2A4-53FBD1C4761B}.Release|x86.ActiveCfg = Release|Any CPU
		{E40E0799-A270-4FC2-B2A4-53FBD1C4761B}.Release|x86.Build.0 = Release|Any CPU
	EndGlobalSection
	GlobalSection(SolutionProperties) = preSolution
		HideSolutionNode = FALSE
	EndGlobalSection
EndGlobal
